
Microsoft Visual Studio Solution File, Format Version 12.00
# Visual Studio Version 16
VisualStudioVersion = 16.0.28729.10
MinimumVisualStudioVersion = 10.0.40219.1
Project("{9A19103F-16F7-4668-BE54-9A1E7A4F7556}") = "CronScheduler.AspNetCore", "src\CronScheduler.AspNetCore\CronScheduler.AspNetCore.csproj", "{B94D454F-814E-4933-B584-982004347F1C}"
EndProject
Project("{9A19103F-16F7-4668-BE54-9A1E7A4F7556}") = "CronScheduler.UnitTest", "test\CronScheduler.UnitTest\CronScheduler.UnitTest.csproj", "{7A3DC64D-5684-47AF-8501-B23A955CBF59}"
EndProject
Project("{2150E333-8FDC-42A3-9474-1A3956D46DE8}") = "src", "src", "{452CDE01-5BD5-47B1-8AE6-9542836B5537}"
EndProject
Project("{2150E333-8FDC-42A3-9474-1A3956D46DE8}") = "tests", "tests", "{8C00CEBF-3DE8-427B-8E69-EA16D68ADA92}"
EndProject
Project("{9A19103F-16F7-4668-BE54-9A1E7A4F7556}") = "CronSchedulerApp", "src\CronSchedulerApp\CronSchedulerApp.csproj", "{71B7EDED-F26D-4545-9E9B-1F6500AA589C}"
EndProject
Project("{E53339B2-1760-4266-BCC7-CA923CBCF16C}") = "docker-compose", "docker-compose.dcproj", "{CFB990F3-58B7-4C9A-AF62-CC13454162B2}"
EndProject
Project("{2150E333-8FDC-42A3-9474-1A3956D46DE8}") = "Solutions Items", "Solutions Items", "{998E5783-A784-44C5-88BF-06884943BD6C}"
	ProjectSection(SolutionItems) = preProject
		.dockerignore = .dockerignore
		.editorconfig = .editorconfig
		.env = .env
		.gitignore = .gitignore
		appveyor.yml = appveyor.yml
		CHANGELOG.md = CHANGELOG.md
		clean.sh = clean.sh
		Directory.Build.props = Directory.Build.props
		Directory.Build.targets = Directory.Build.targets
		LICENSE = LICENSE
		README.md = README.md
	EndProjectSection
EndProject
Project("{2150E333-8FDC-42A3-9474-1A3956D46DE8}") = "build", "build", "{663DF9C2-87CC-4A3C-9BFD-6FD93DA99210}"
	ProjectSection(SolutionItems) = preProject
		build\dependencies.props = build\dependencies.props
		build\settings.props = build\settings.props
		build\sources.props = build\sources.props
	EndProjectSection
EndProject
Project("{9A19103F-16F7-4668-BE54-9A1E7A4F7556}") = "CronSchedulerWorker", "src\CronSchedulerWorker\CronSchedulerWorker.csproj", "{C31428BE-C8EE-48C6-84B3-3E8C8D0B044A}"
EndProject
Project("{9A19103F-16F7-4668-BE54-9A1E7A4F7556}") = "CronScheduler.Extensions", "src\CronScheduler.Extensions\CronScheduler.Extensions.csproj", "{313CA832-79DE-4EE0-8745-477B36F8B65A}"
EndProject
Global
	GlobalSection(SolutionConfigurationPlatforms) = preSolution
		Debug|Any CPU = Debug|Any CPU
		Release|Any CPU = Release|Any CPU
	EndGlobalSection
	GlobalSection(ProjectConfigurationPlatforms) = postSolution
		{B94D454F-814E-4933-B584-982004347F1C}.Debug|Any CPU.ActiveCfg = Debug|Any CPU
		{B94D454F-814E-4933-B584-982004347F1C}.Debug|Any CPU.Build.0 = Debug|Any CPU
		{B94D454F-814E-4933-B584-982004347F1C}.Release|Any CPU.ActiveCfg = Release|Any CPU
		{B94D454F-814E-4933-B584-982004347F1C}.Release|Any CPU.Build.0 = Release|Any CPU
		{7A3DC64D-5684-47AF-8501-B23A955CBF59}.Debug|Any CPU.ActiveCfg = Debug|Any CPU
		{7A3DC64D-5684-47AF-8501-B23A955CBF59}.Debug|Any CPU.Build.0 = Debug|Any CPU
		{7A3DC64D-5684-47AF-8501-B23A955CBF59}.Release|Any CPU.ActiveCfg = Release|Any CPU
		{7A3DC64D-5684-47AF-8501-B23A955CBF59}.Release|Any CPU.Build.0 = Release|Any CPU
		{71B7EDED-F26D-4545-9E9B-1F6500AA589C}.Debug|Any CPU.ActiveCfg = Debug|Any CPU
		{71B7EDED-F26D-4545-9E9B-1F6500AA589C}.Debug|Any CPU.Build.0 = Debug|Any CPU
		{71B7EDED-F26D-4545-9E9B-1F6500AA589C}.Release|Any CPU.ActiveCfg = Release|Any CPU
		{71B7EDED-F26D-4545-9E9B-1F6500AA589C}.Release|Any CPU.Build.0 = Release|Any CPU
		{CFB990F3-58B7-4C9A-AF62-CC13454162B2}.Debug|Any CPU.ActiveCfg = Debug|Any CPU
		{CFB990F3-58B7-4C9A-AF62-CC13454162B2}.Release|Any CPU.ActiveCfg = Release|Any CPU
		{C31428BE-C8EE-48C6-84B3-3E8C8D0B044A}.Debug|Any CPU.ActiveCfg = Debug|Any CPU
		{C31428BE-C8EE-48C6-84B3-3E8C8D0B044A}.Debug|Any CPU.Build.0 = Debug|Any CPU
		{C31428BE-C8EE-48C6-84B3-3E8C8D0B044A}.Release|Any CPU.ActiveCfg = Release|Any CPU
		{C31428BE-C8EE-48C6-84B3-3E8C8D0B044A}.Release|Any CPU.Build.0 = Release|Any CPU
		{313CA832-79DE-4EE0-8745-477B36F8B65A}.Debug|Any CPU.ActiveCfg = Debug|Any CPU
		{313CA832-79DE-4EE0-8745-477B36F8B65A}.Debug|Any CPU.Build.0 = Debug|Any CPU
		{313CA832-79DE-4EE0-8745-477B36F8B65A}.Release|Any CPU.ActiveCfg = Release|Any CPU
		{313CA832-79DE-4EE0-8745-477B36F8B65A}.Release|Any CPU.Build.0 = Release|Any CPU
	EndGlobalSection
	GlobalSection(SolutionProperties) = preSolution
		HideSolutionNode = FALSE
	EndGlobalSection
	GlobalSection(NestedProjects) = preSolution
		{B94D454F-814E-4933-B584-982004347F1C} = {452CDE01-5BD5-47B1-8AE6-9542836B5537}
		{7A3DC64D-5684-47AF-8501-B23A955CBF59} = {8C00CEBF-3DE8-427B-8E69-EA16D68ADA92}
		{71B7EDED-F26D-4545-9E9B-1F6500AA589C} = {452CDE01-5BD5-47B1-8AE6-9542836B5537}
		{C31428BE-C8EE-48C6-84B3-3E8C8D0B044A} = {452CDE01-5BD5-47B1-8AE6-9542836B5537}
		{313CA832-79DE-4EE0-8745-477B36F8B65A} = {452CDE01-5BD5-47B1-8AE6-9542836B5537}
	EndGlobalSection
	GlobalSection(ExtensibilityGlobals) = postSolution
		SolutionGuid = {ED9365FF-7ECC-4971-B0FF-324C619F4691}
	EndGlobalSection
EndGlobal
